
Microsoft Visual Studio Solution File, Format Version 12.00
# Visual Studio Version 16
VisualStudioVersion = 16.0.30114.105
MinimumVisualStudioVersion = 10.0.40219.1
Project("{FAE04EC0-301F-11D3-BF4B-00C04F79EFBC}") = "DungeonCrawler.Game", "DungeonCrawler.Game\DungeonCrawler.Game.csproj", "{ABF14F64-9B0E-4177-8434-B30A7A84BDF4}"
EndProject
Project("{FAE04EC0-301F-11D3-BF4B-00C04F79EFBC}") = "DungeonCrawler.Lib", "DungeonCrawler.Lib\DungeonCrawler.Lib.csproj", "{379858E4-EBCA-427F-9BD5-5EB803A05136}"
EndProject
Project("{FAE04EC0-301F-11D3-BF4B-00C04F79EFBC}") = "DungeonCrawler.Tests", "DungeonCrawler.Tests\DungeonCrawler.Tests.csproj", "{3ACE4CB1-48C4-467A-B9CD-FD9F50F9642F}"
EndProject
Global
	GlobalSection(SolutionConfigurationPlatforms) = preSolution
		Debug|Any CPU = Debug|Any CPU
		Release|Any CPU = Release|Any CPU
	EndGlobalSection
	GlobalSection(SolutionProperties) = preSolution
		HideSolutionNode = FALSE
	EndGlobalSection
	GlobalSection(ProjectConfigurationPlatforms) = postSolution
		{ABF14F64-9B0E-4177-8434-B30A7A84BDF4}.Debug|Any CPU.ActiveCfg = Debug|Any CPU
		{ABF14F64-9B0E-4177-8434-B30A7A84BDF4}.Debug|Any CPU.Build.0 = Debug|Any CPU
		{ABF14F64-9B0E-4177-8434-B30A7A84BDF4}.Release|Any CPU.ActiveCfg = Release|Any CPU
		{ABF14F64-9B0E-4177-8434-B30A7A84BDF4}.Release|Any CPU.Build.0 = Release|Any CPU
		{379858E4-EBCA-427F-9BD5-5EB803A05136}.Debug|Any CPU.ActiveCfg = Debug|Any CPU
		{379858E4-EBCA-427F-9BD5-5EB803A05136}.Debug|Any CPU.Build.0 = Debug|Any CPU
		{379858E4-EBCA-427F-9BD5-5EB803A05136}.Release|Any CPU.ActiveCfg = Release|Any CPU
		{379858E4-EBCA-427F-9BD5-5EB803A05136}.Release|Any CPU.Build.0 = Release|Any CPU
		{3ACE4CB1-48C4-467A-B9CD-FD9F50F9642F}.Debug|Any CPU.ActiveCfg = Debug|Any CPU
		{3ACE4CB1-48C4-467A-B9CD-FD9F50F9642F}.Debug|Any CPU.Build.0 = Debug|Any CPU
		{3ACE4CB1-48C4-467A-B9CD-FD9F50F9642F}.Release|Any CPU.ActiveCfg = Release|Any CPU
		{3ACE4CB1-48C4-467A-B9CD-FD9F50F9642F}.Release|Any CPU.Build.0 = Release|Any CPU
	EndGlobalSection
EndGlobal
